{
  "name": "tactix-data-modeling",
  "lockfileVersion": 3,
  "requires": true,
  "packages": {
    "": {
      "name": "tactix-data-modeling",
      "dependencies": {
        "@dataform/core": "^3.0.0"
      }
    },
    "node_modules/@dataform/core": {
      "version": "3.0.38",
      "resolved": "https://registry.npmjs.org/@dataform/core/-/core-3.0.38.tgz",
      "integrity": "sha512-f1zQ6J6Y/3+tKGirtCXdhXbayrapL1ZqFal2kh/Ukip8uRW+MsYQWarGf50UNSQPGHSSE+Xd85UawRABBoPmXw==",
      "license": "Apache-2.0"
    }
  }
}
